<?xml version="1.0" encoding="utf-8"?>
<Project ToolsVersion="4.0" xmlns="http://schemas.microsoft.com/developer/msbuild/2003">
  <ItemGroup>
    <Filter Include="Source Files">
      <UniqueIdentifier>{4FC737F1-C7A5-4376-A066-2A32D752A2FF}</UniqueIdentifier>
      <Extensions>cpp;c;cc;cxx;def;odl;idl;hpj;bat;asm;asmx</Extensions>
    </Filter>
    <Filter Include="Header Files">
      <UniqueIdentifier>{93995380-89BD-4b04-88EB-625FBE52EBFB}</UniqueIdentifier>
      <Extensions>h;hh;hpp;hxx;hm;inl;inc;xsd</Extensions>
    </Filter>
    <Filter Include="Resource Files">
      <UniqueIdentifier>{67DA6AB6-F800-4c08-8B7A-83BB121AAD01}</UniqueIdentifier>
      <Extensions>rc;ico;cur;bmp;dlg;rc2;rct;bin;rgs;gif;jpg;jpeg;jpe;resx;tiff;tif;png;wav;mfcribbon-ms</Extensions>
    </Filter>
    <Filter Include="Shaders">
      <UniqueIdentifier>{a6a1644d-0cd8-4fc3-87df-0efe5e723cdf}</UniqueIdentifier>
    </Filter>
    <Filter Include="Shaders\typed_load">
      <UniqueIdentifier>{df3f5c35-620c-4bdb-85cb-dbcc5a5ff880}</UniqueIdentifier>
    </Filter>
    <Filter Include="Shaders\raw_load">
      <UniqueIdentifier>{789c5a00-0b5b-41a2-862d-694ca2bbdc42}</UniqueIdentifier>
    </Filter>
  </ItemGroup>
  <ItemGroup>
    <ClCompile Include="directx.cpp">
      <Filter>Source Files</Filter>
    </ClCompile>
    <ClCompile Include="main.cpp">
      <Filter>Source Files</Filter>
    </ClCompile>
    <ClCompile Include="window.cpp">
      <Filter>Source Files</Filter>
    </ClCompile>
    <ClCompile Include="file.cpp">
      <Filter>Source Files</Filter>
    </ClCompile>
  </ItemGroup>
  <ItemGroup>
    <ClInclude Include="loadConstantsGPU.h">
      <Filter>Header Files</Filter>
    </ClInclude>
    <ClInclude Include="window.h">
      <Filter>Header Files</Filter>
    </ClInclude>
    <ClInclude Include="com_ptr.h">
      <Filter>Header Files</Filter>
    </ClInclude>
    <ClInclude Include="datatypes.h">
      <Filter>Header Files</Filter>
    </ClInclude>
    <ClInclude Include="directx.h">
      <Filter>Header Files</Filter>
    </ClInclude>
    <ClInclude Include="graphicsUtil.h">
      <Filter>Header Files</Filter>
    </ClInclude>
    <ClInclude Include="file.h">
      <Filter>Header Files</Filter>
    </ClInclude>
  </ItemGroup>
  <ItemGroup>
    <FxCompile Include="loadRaw1dInvariant.hlsl">
      <Filter>Shaders\raw_load</Filter>
    </FxCompile>
    <FxCompile Include="loadRaw1dLinear.hlsl">
      <Filter>Shaders\raw_load</Filter>
    </FxCompile>
    <FxCompile Include="loadRaw1dRandom.hlsl">
      <Filter>Shaders\raw_load</Filter>
    </FxCompile>
    <FxCompile Include="loadRaw2dInvariant.hlsl">
      <Filter>Shaders\raw_load</Filter>
    </FxCompile>
    <FxCompile Include="loadRaw2dLinear.hlsl">
      <Filter>Shaders\raw_load</Filter>
    </FxCompile>
    <FxCompile Include="loadRaw2dRandom.hlsl">
      <Filter>Shaders\raw_load</Filter>
    </FxCompile>
    <FxCompile Include="loadRaw4dInvariant.hlsl">
      <Filter>Shaders\raw_load</Filter>
    </FxCompile>
    <FxCompile Include="loadRaw4dLinear.hlsl">
      <Filter>Shaders\raw_load</Filter>
    </FxCompile>
    <FxCompile Include="loadRaw4dRandom.hlsl">
      <Filter>Shaders\raw_load</Filter>
    </FxCompile>
    <FxCompile Include="loadTyped1dInvariant.hlsl">
      <Filter>Shaders\typed_load</Filter>
    </FxCompile>
    <FxCompile Include="loadTyped1dLinear.hlsl">
      <Filter>Shaders\typed_load</Filter>
    </FxCompile>
    <FxCompile Include="loadTyped1dRandom.hlsl">
      <Filter>Shaders\typed_load</Filter>
    </FxCompile>
    <FxCompile Include="loadTyped2dInvariant.hlsl">
      <Filter>Shaders\typed_load</Filter>
    </FxCompile>
    <FxCompile Include="loadTyped2dLinear.hlsl">
      <Filter>Shaders\typed_load</Filter>
    </FxCompile>
    <FxCompile Include="loadTyped2dRandom.hlsl">
      <Filter>Shaders\typed_load</Filter>
    </FxCompile>
    <FxCompile Include="loadTyped4dInvariant.hlsl">
      <Filter>Shaders\typed_load</Filter>
    </FxCompile>
    <FxCompile Include="loadTyped4dLinear.hlsl">
      <Filter>Shaders\typed_load</Filter>
    </FxCompile>
    <FxCompile Include="loadTyped4dRandom.hlsl">
      <Filter>Shaders\typed_load</Filter>
    </FxCompile>
    <FxCompile Include="loadRaw3dInvariant.hlsl">
      <Filter>Shaders\raw_load</Filter>
    </FxCompile>
    <FxCompile Include="loadRaw3dLinear.hlsl">
      <Filter>Shaders\raw_load</Filter>
    </FxCompile>
    <FxCompile Include="loadRaw3dRandom.hlsl">
      <Filter>Shaders\raw_load</Filter>
    </FxCompile>
  </ItemGroup>
  <ItemGroup>
    <None Include="hash.hlsli">
      <Filter>Shaders</Filter>
    </None>
    <None Include="loadRawBody.hlsli">
      <Filter>Shaders\raw_load</Filter>
    </None>
    <None Include="loadTypedBody.hlsli">
      <Filter>Shaders\typed_load</Filter>
    </None>
  </ItemGroup>
</Project>